
Microsoft Visual Studio Solution File, Format Version 12.00
# Visual Studio Version 16
VisualStudioVersion = 16.0.30204.135
MinimumVisualStudioVersion = 10.0.40219.1
Project("{FAE04EC0-301F-11D3-BF4B-00C04F79EFBC}") = "Calculadora2", "Calculadora2\Calculadora2.csproj", "{B7954DF7-D2B3-4B1F-982C-C7F89E387AA4}"
EndProject
Global
	GlobalSection(SolutionConfigurationPlatforms) = preSolution
		Debug|Any CPU = Debug|Any CPU
		Release|Any CPU = Release|Any CPU
	EndGlobalSection
	GlobalSection(ProjectConfigurationPlatforms) = postSolution
		{B7954DF7-D2B3-4B1F-982C-C7F89E387AA4}.Debug|Any CPU.ActiveCfg = Debug|Any CPU
		{B7954DF7-D2B3-4B1F-982C-C7F89E387AA4}.Debug|Any CPU.Build.0 = Debug|Any CPU
		{B7954DF7-D2B3-4B1F-982C-C7F89E387AA4}.Release|Any CPU.ActiveCfg = Release|Any CPU
		{B7954DF7-D2B3-4B1F-982C-C7F89E387AA4}.Release|Any CPU.Build.0 = Release|Any CPU
	EndGlobalSection
	GlobalSection(SolutionProperties) = preSolution
		HideSolutionNode = FALSE
	EndGlobalSection
	GlobalSection(ExtensibilityGlobals) = postSolution
		SolutionGuid = {EBFC275A-47F4-4723-8EC7-F3791E785293}
	EndGlobalSection
EndGlobal
